// !$*UTF8*$!
{
	archiveVersion = 1;
	classes = {
	};
	objectVersion = 48;
	objects = {

/* Begin PBXBuildFile section */
		27CD605F26F56A80F4465E9C /* Pods_IJB3.framework in Frameworks */ = {isa = PBXBuildFile; fileRef = E5B3962EFAE515E02A360FC8 /* Pods_IJB3.framework */; };
		3D2A646E1F96137800FBD2F3 /* AppDelegate.swift in Sources */ = {isa = PBXBuildFile; fileRef = 3D2A646D1F96137800FBD2F3 /* AppDelegate.swift */; };
		3D2A64701F96137800FBD2F3 /* LoginViewController.swift in Sources */ = {isa = PBXBuildFile; fileRef = 3D2A646F1F96137800FBD2F3 /* LoginViewController.swift */; };
		3D2A64731F96137800FBD2F3 /* Main.storyboard in Resources */ = {isa = PBXBuildFile; fileRef = 3D2A64711F96137800FBD2F3 /* Main.storyboard */; };
		3D2A64751F96137800FBD2F3 /* Assets.xcassets in Resources */ = {isa = PBXBuildFile; fileRef = 3D2A64741F96137800FBD2F3 /* Assets.xcassets */; };
		3D2A64781F96137800FBD2F3 /* LaunchScreen.storyboard in Resources */ = {isa = PBXBuildFile; fileRef = 3D2A64761F96137800FBD2F3 /* LaunchScreen.storyboard */; };
		3D2A64801F96228200FBD2F3 /* MainViewController.swift in Sources */ = {isa = PBXBuildFile; fileRef = 3D2A647F1F96228200FBD2F3 /* MainViewController.swift */; };
		3D2A64821F96298000FBD2F3 /* MeViewController.swift in Sources */ = {isa = PBXBuildFile; fileRef = 3D2A64811F96298000FBD2F3 /* MeViewController.swift */; };
/* End PBXBuildFile section */

/* Begin PBXFileReference section */
		3D2A646A1F96137800FBD2F3 /* IJB3.app */ = {isa = PBXFileReference; explicitFileType = wrapper.application; includeInIndex = 0; path = IJB3.app; sourceTree = BUILT_PRODUCTS_DIR; };
		3D2A646D1F96137800FBD2F3 /* AppDelegate.swift */ = {isa = PBXFileReference; lastKnownFileType = sourcecode.swift; path = AppDelegate.swift; sourceTree = "<group>"; };
		3D2A646F1F96137800FBD2F3 /* LoginViewController.swift */ = {isa = PBXFileReference; lastKnownFileType = sourcecode.swift; path = LoginViewController.swift; sourceTree = "<group>"; };
		3D2A64721F96137800FBD2F3 /* Base */ = {isa = PBXFileReference; lastKnownFileType = file.storyboard; name = Base; path = Base.lproj/Main.storyboard; sourceTree = "<group>"; };
		3D2A64741F96137800FBD2F3 /* Assets.xcassets */ = {isa = PBXFileReference; lastKnownFileType = folder.assetcatalog; path = Assets.xcassets; sourceTree = "<group>"; };
		3D2A64771F96137800FBD2F3 /* Base */ = {isa = PBXFileReference; lastKnownFileType = file.storyboard; name = Base; path = Base.lproj/LaunchScreen.storyboard; sourceTree = "<group>"; };
		3D2A64791F96137800FBD2F3 /* Info.plist */ = {isa = PBXFileReference; lastKnownFileType = text.plist.xml; path = Info.plist; sourceTree = "<group>"; };
		3D2A647F1F96228200FBD2F3 /* MainViewController.swift */ = {isa = PBXFileReference; lastKnownFileType = sourcecode.swift; path = MainViewController.swift; sourceTree = "<group>"; };
		3D2A64811F96298000FBD2F3 /* MeViewController.swift */ = {isa = PBXFileReference; lastKnownFileType = sourcecode.swift; path = MeViewController.swift; sourceTree = "<group>"; };
		7DAF79BA1351E839BB034C6A /* Pods-IJB3.release.xcconfig */ = {isa = PBXFileReference; includeInIndex = 1; lastKnownFileType = text.xcconfig; name = "Pods-IJB3.release.xcconfig"; path = "Pods/Target Support Files/Pods-IJB3/Pods-IJB3.release.xcconfig"; sourceTree = "<group>"; };
		91DC450A4029A5105018883F /* Pods-IJB3.debug.xcconfig */ = {isa = PBXFileReference; includeInIndex = 1; lastKnownFileType = text.xcconfig; name = "Pods-IJB3.debug.xcconfig"; path = "Pods/Target Support Files/Pods-IJB3/Pods-IJB3.debug.xcconfig"; sourceTree = "<group>"; };
		E5B3962EFAE515E02A360FC8 /* Pods_IJB3.framework */ = {isa = PBXFileReference; explicitFileType = wrapper.framework; includeInIndex = 0; path = Pods_IJB3.framework; sourceTree = BUILT_PRODUCTS_DIR; };
/* End PBXFileReference section */

/* Begin PBXFrameworksBuildPhase section */
		3D2A64671F96137800FBD2F3 /* Frameworks */ = {
			isa = PBXFrameworksBuildPhase;
			buildActionMask = 2147483647;
			files = (
				27CD605F26F56A80F4465E9C /* Pods_IJB3.framework in Frameworks */,
			);
			runOnlyForDeploymentPostprocessing = 0;
		};
/* End PBXFrameworksBuildPhase section */

/* Begin PBXGroup section */
		3D2A64611F96137800FBD2F3 = {
			isa = PBXGroup;
			children = (
				3D2A646C1F96137800FBD2F3 /* IJB3 */,
				3D2A646B1F96137800FBD2F3 /* Products */,
				6D6EFCBED717068BA199DA0D /* Pods */,
				504FEBEEEA59D5D463D0557F /* Frameworks */,
			);
			sourceTree = "<group>";
		};
		3D2A646B1F96137800FBD2F3 /* Products */ = {
			isa = PBXGroup;
			children = (
				3D2A646A1F96137800FBD2F3 /* IJB3.app */,
			);
			name = Products;
			sourceTree = "<group>";
		};
		3D2A646C1F96137800FBD2F3 /* IJB3 */ = {
			isa = PBXGroup;
			children = (
				3D2A646D1F96137800FBD2F3 /* AppDelegate.swift */,
				3D2A646F1F96137800FBD2F3 /* LoginViewController.swift */,
				3D2A64711F96137800FBD2F3 /* Main.storyboard */,
				3D2A64741F96137800FBD2F3 /* Assets.xcassets */,
				3D2A64761F96137800FBD2F3 /* LaunchScreen.storyboard */,
				3D2A64791F96137800FBD2F3 /* Info.plist */,
				3D2A647F1F96228200FBD2F3 /* MainViewController.swift */,
				3D2A64811F96298000FBD2F3 /* MeViewController.swift */,
			);
			path = IJB3;
			sourceTree = "<group>";
		};
		504FEBEEEA59D5D463D0557F /* Frameworks */ = {
			isa = PBXGroup;
			children = (
				E5B3962EFAE515E02A360FC8 /* Pods_IJB3.framework */,
			);
			name = Frameworks;
			sourceTree = "<group>";
		};
		6D6EFCBED717068BA199DA0D /* Pods */ = {
			isa = PBXGroup;
			children = (
				91DC450A4029A5105018883F /* Pods-IJB3.debug.xcconfig */,
				7DAF79BA1351E839BB034C6A /* Pods-IJB3.release.xcconfig */,
			);
			name = Pods;
			sourceTree = "<group>";
		};
/* End PBXGroup section */

/* Begin PBXNativeTarget section */
		3D2A64691F96137800FBD2F3 /* IJB3 */ = {
			isa = PBXNativeTarget;
			buildConfigurationList = 3D2A647C1F96137900FBD2F3 /* Build configuration list for PBXNativeTarget "IJB3" */;
			buildPhases = (
				9E530EA99F3B1FFD642C0F1A /* [CP] Check Pods Manifest.lock */,
				3D2A64661F96137800FBD2F3 /* Sources */,
				3D2A64671F96137800FBD2F3 /* Frameworks */,
				3D2A64681F96137800FBD2F3 /* Resources */,
				FCECBA34732F30CB5E1C3645 /* [CP] Embed Pods Frameworks */,
				62BB8EA8E14BFEB6A2DE1BAA /* [CP] Copy Pods Resources */,
			);
			buildRules = (
			);
			dependencies = (
			);
			name = IJB3;
			productName = IJB3;
			productReference = 3D2A646A1F96137800FBD2F3 /* IJB3.app */;
			productType = "com.apple.product-type.application";
		};
/* End PBXNativeTarget section */

/* Begin PBXProject section */
		3D2A64621F96137800FBD2F3 /* Project object */ = {
			isa = PBXProject;
			attributes = {
				LastSwiftUpdateCheck = 0900;
				LastUpgradeCheck = 0900;
				ORGANIZATIONNAME = "Apple Inc.";
				TargetAttributes = {
					3D2A64691F96137800FBD2F3 = {
						CreatedOnToolsVersion = 9.0;
						ProvisioningStyle = Automatic;
					};
				};
			};
			buildConfigurationList = 3D2A64651F96137800FBD2F3 /* Build configuration list for PBXProject "IJB3" */;
			compatibilityVersion = "Xcode 8.0";
			developmentRegion = en;
			hasScannedForEncodings = 0;
			knownRegions = (
				en,
				Base,
			);
			mainGroup = 3D2A64611F96137800FBD2F3;
			productRefGroup = 3D2A646B1F96137800FBD2F3 /* Products */;
			projectDirPath = "";
			projectRoot = "";
			targets = (
				3D2A64691F96137800FBD2F3 /* IJB3 */,
			);
		};
/* End PBXProject section */

/* Begin PBXResourcesBuildPhase section */
		3D2A64681F96137800FBD2F3 /* Resources */ = {
			isa = PBXResourcesBuildPhase;
			buildActionMask = 2147483647;
			files = (
				3D2A64781F96137800FBD2F3 /* LaunchScreen.storyboard in Resources */,
				3D2A64751F96137800FBD2F3 /* Assets.xcassets in Resources */,
				3D2A64731F96137800FBD2F3 /* Main.storyboard in Resources */,
			);
			runOnlyForDeploymentPostprocessing = 0;
		};
/* End PBXResourcesBuildPhase section */

/* Begin PBXShellScriptBuildPhase section */
		62BB8EA8E14BFEB6A2DE1BAA /* [CP] Copy Pods Resources */ = {
			isa = PBXShellScriptBuildPhase;
			buildActionMask = 2147483647;
			files = (
			);
			inputPaths = (
			);
			name = "[CP] Copy Pods Resources";
			outputPaths = (
			);
			runOnlyForDeploymentPostprocessing = 0;
			shellPath = /bin/sh;
			shellScript = "\"${SRCROOT}/Pods/Target Support Files/Pods-IJB3/Pods-IJB3-resources.sh\"\n";
			showEnvVarsInLog = 0;
		};
		9E530EA99F3B1FFD642C0F1A /* [CP] Check Pods Manifest.lock */ = {
			isa = PBXShellScriptBuildPhase;
			buildActionMask = 2147483647;
			files = (
			);
			inputPaths = (
				"${PODS_PODFILE_DIR_PATH}/Podfile.lock",
				"${PODS_ROOT}/Manifest.lock",
			);
			name = "[CP] Check Pods Manifest.lock";
			outputPaths = (
				"$(DERIVED_FILE_DIR)/Pods-IJB3-checkManifestLockResult.txt",
			);
			runOnlyForDeploymentPostprocessing = 0;
			shellPath = /bin/sh;
			shellScript = "diff \"${PODS_PODFILE_DIR_PATH}/Podfile.lock\" \"${PODS_ROOT}/Manifest.lock\" > /dev/null\nif [ $? != 0 ] ; then\n    # print error to STDERR\n    echo \"error: The sandbox is not in sync with the Podfile.lock. Run 'pod install' or update your CocoaPods installation.\" >&2\n    exit 1\nfi\n# This output is used by Xcode 'outputs' to avoid re-running this script phase.\necho \"SUCCESS\" > \"${SCRIPT_OUTPUT_FILE_0}\"\n";
			showEnvVarsInLog = 0;
		};
		FCECBA34732F30CB5E1C3645 /* [CP] Embed Pods Frameworks */ = {
			isa = PBXShellScriptBuildPhase;
			buildActionMask = 2147483647;
			files = (
			);
			inputPaths = (
				"${SRCROOT}/Pods/Target Support Files/Pods-IJB3/Pods-IJB3-frameworks.sh",
				"${BUILT_PRODUCTS_DIR}/Popover/Popover.framework",
				"${BUILT_PRODUCTS_DIR}/SnapKit/SnapKit.framework",
				"${BUILT_PRODUCTS_DIR}/Toaster/Toaster.framework",
			);
			name = "[CP] Embed Pods Frameworks";
			outputPaths = (
				"${TARGET_BUILD_DIR}/${FRAMEWORKS_FOLDER_PATH}/Popover.framework",
				"${TARGET_BUILD_DIR}/${FRAMEWORKS_FOLDER_PATH}/SnapKit.framework",
				"${TARGET_BUILD_DIR}/${FRAMEWORKS_FOLDER_PATH}/Toaster.framework",
			);
			runOnlyForDeploymentPostprocessing = 0;
			shellPath = /bin/sh;
			shellScript = "\"${SRCROOT}/Pods/Target Support Files/Pods-IJB3/Pods-IJB3-frameworks.sh\"\n";
			showEnvVarsInLog = 0;
		};
/* End PBXShellScriptBuildPhase section */

/* Begin PBXSourcesBuildPhase section */
		3D2A64661F96137800FBD2F3 /* Sources */ = {
			isa = PBXSourcesBuildPhase;
			buildActionMask = 2147483647;
			files = (
				3D2A64801F96228200FBD2F3 /* MainViewController.swift in Sources */,
				3D2A64701F96137800FBD2F3 /* LoginViewController.swift in Sources */,
				3D2A64821F96298000FBD2F3 /* MeViewController.swift in Sources */,
				3D2A646E1F96137800FBD2F3 /* AppDelegate.swift in Sources */,
			);
			runOnlyForDeploymentPostprocessing = 0;
		};
/* End PBXSourcesBuildPhase section */

/* Begin PBXVariantGroup section */
		3D2A64711F96137800FBD2F3 /* Main.storyboard */ = {
			isa = PBXVariantGroup;
			children = (
				3D2A64721F96137800FBD2F3 /* Base */,
			);
			name = Main.storyboard;
			sourceTree = "<group>";
		};
		3D2A64761F96137800FBD2F3 /* LaunchScreen.storyboard */ = {
			isa = PBXVariantGroup;
			children = (
				3D2A64771F96137800FBD2F3 /* Base */,
			);
			name = LaunchScreen.storyboard;
			sourceTree = "<group>";
		};
/* End PBXVariantGroup section */

/* Begin XCBuildConfiguration section */
		3D2A647A1F96137900FBD2F3 /* Debug */ = {
			isa = XCBuildConfiguration;
			buildSettings = {
				ALWAYS_SEARCH_USER_PATHS = NO;
				CLANG_ANALYZER_NONNULL = YES;
				CLANG_ANALYZER_NUMBER_OBJECT_CONVERSION = YES_AGGRESSIVE;
				CLANG_CXX_LANGUAGE_STANDARD = "gnu++14";
				CLANG_CXX_LIBRARY = "libc++";
				CLANG_ENABLE_MODULES = YES;
				CLANG_ENABLE_OBJC_ARC = YES;
				CLANG_WARN_BLOCK_CAPTURE_AUTORELEASING = YES;
				CLANG_WARN_BOOL_CONVERSION = YES;
				CLANG_WARN_COMMA = YES;
				CLANG_WARN_CONSTANT_CONVERSION = YES;
				CLANG_WARN_DIRECT_OBJC_ISA_USAGE = YES_ERROR;
				CLANG_WARN_DOCUMENTATION_COMMENTS = YES;
				CLANG_WARN_EMPTY_BODY = YES;
				CLANG_WARN_ENUM_CONVERSION = YES;
				CLANG_WARN_INFINITE_RECURSION = YES;
				CLANG_WARN_INT_CONVERSION = YES;
				CLANG_WARN_NON_LITERAL_NULL_CONVERSION = YES;
				CLANG_WARN_OBJC_LITERAL_CONVERSION = YES;
				CLANG_WARN_OBJC_ROOT_CLASS = YES_ERROR;
				CLANG_WARN_RANGE_LOOP_ANALYSIS = YES;
				CLANG_WARN_STRICT_PROTOTYPES = YES;
				CLANG_WARN_SUSPICIOUS_MOVE = YES;
				CLANG_WARN_UNGUARDED_AVAILABILITY = YES_AGGRESSIVE;
				CLANG_WARN_UNREACHABLE_CODE = YES;
				CLANG_WARN__DUPLICATE_METHOD_MATCH = YES;
				CODE_SIGN_IDENTITY = "iPhone Developer";
				COPY_PHASE_STRIP = NO;
				DEBUG_INFORMATION_FORMAT = dwarf;
				ENABLE_STRICT_OBJC_MSGSEND = YES;
				ENABLE_TESTABILITY = YES;
				GCC_C_LANGUAGE_STANDARD = gnu11;
				GCC_DYNAMIC_NO_PIC = NO;
				GCC_NO_COMMON_BLOCKS = YES;
				GCC_OPTIMIZATION_LEVEL = 0;
				GCC_PREPROCESSOR_DEFINITIONS = (
					"DEBUG=1",
					"$(inherited)",
				);
				GCC_WARN_64_TO_32_BIT_CONVERSION = YES;
				GCC_WARN_ABOUT_RETURN_TYPE = YES_ERROR;
				GCC_WARN_UNDECLARED_SELECTOR = YES;
				GCC_WARN_UNINITIALIZED_AUTOS = YES_AGGRESSIVE;
				GCC_WARN_UNUSED_FUNCTION = YES;
				GCC_WARN_UNUSED_VARIABLE = YES;
				IPHONEOS_DEPLOYMENT_TARGET = 11.0;
				MTL_ENABLE_DEBUG_INFO = YES;
				ONLY_ACTIVE_ARCH = YES;
				SDKROOT = iphoneos;
				SWIFT_ACTIVE_COMPILATION_CONDITIONS = DEBUG;
				SWIFT_OPTIMIZATION_LEVEL = "-Onone";
			};
			name = Debug;
		};
		3D2A647B1F96137900FBD2F3 /* Release */ = {
			isa = XCBuildConfiguration;
			buildSettings = {
				ALWAYS_SEARCH_USER_PATHS = NO;
				CLANG_ANALYZER_NONNULL = YES;
				CLANG_ANALYZER_NUMBER_OBJECT_CONVERSION = YES_AGGRESSIVE;
				CLANG_CXX_LANGUAGE_STANDARD = "gnu++14";
				CLANG_CXX_LIBRARY = "libc++";
				CLANG_ENABLE_MODULES = YES;
				CLANG_ENABLE_OBJC_ARC = YES;
				CLANG_WARN_BLOCK_CAPTURE_AUTORELEASING = YES;
				CLANG_WARN_BOOL_CONVERSION = YES;
				CLANG_WARN_COMMA = YES;
				CLANG_WARN_CONSTANT_CONVERSION = YES;
				CLANG_WARN_DIRECT_OBJC_ISA_USAGE = YES_ERROR;
				CLANG_WARN_DOCUMENTATION_COMMENTS = YES;
				CLANG_WARN_EMPTY_BODY = YES;
				CLANG_WARN_ENUM_CONVERSION = YES;
				CLANG_WARN_INFINITE_RECURSION = YES;
				CLANG_WARN_INT_CONVERSION = YES;
				CLANG_WARN_NON_LITERAL_NULL_CONVERSION = YES;
				CLANG_WARN_OBJC_LITERAL_CONVERSION = YES;
				CLANG_WARN_OBJC_ROOT_CLASS = YES_ERROR;
				CLANG_WARN_RANGE_LOOP_ANALYSIS = YES;
				CLANG_WARN_STRICT_PROTOTYPES = YES;
				CLANG_WARN_SUSPICIOUS_MOVE = YES;
				CLANG_WARN_UNGUARDED_AVAILABILITY = YES_AGGRESSIVE;
				CLANG_WARN_UNREACHABLE_CODE = YES;
				CLANG_WARN__DUPLICATE_METHOD_MATCH = YES;
				CODE_SIGN_IDENTITY = "iPhone Developer";
				COPY_PHASE_STRIP = NO;
				DEBUG_INFORMATION_FORMAT = "dwarf-with-dsym";
				ENABLE_NS_ASSERTIONS = NO;
				ENABLE_STRICT_OBJC_MSGSEND = YES;
				GCC_C_LANGUAGE_STANDARD = gnu11;
				GCC_NO_COMMON_BLOCKS = YES;
				GCC_WARN_64_TO_32_BIT_CONVERSION = YES;
				GCC_WARN_ABOUT_RETURN_TYPE = YES_ERROR;
				GCC_WARN_UNDECLARED_SELECTOR = YES;
				GCC_WARN_UNINITIALIZED_AUTOS = YES_AGGRESSIVE;
				GCC_WARN_UNUSED_FUNCTION = YES;
				GCC_WARN_UNUSED_VARIABLE = YES;
				IPHONEOS_DEPLOYMENT_TARGET = 11.0;
				MTL_ENABLE_DEBUG_INFO = NO;
				SDKROOT = iphoneos;
				SWIFT_OPTIMIZATION_LEVEL = "-Owholemodule";
				VALIDATE_PRODUCT = YES;
			};
			name = Release;
		};
		3D2A647D1F96137900FBD2F3 /* Debug */ = {
			isa = XCBuildConfiguration;
			baseConfigurationReference = 91DC450A4029A5105018883F /* Pods-IJB3.debug.xcconfig */;
			buildSettings = {
				ASSETCATALOG_COMPILER_APPICON_NAME = AppIcon;
				CODE_SIGN_STYLE = Automatic;
				DEVELOPMENT_TEAM = 9F3FQNZGD3;
				INFOPLIST_FILE = IJB3/Info.plist;
				LD_RUNPATH_SEARCH_PATHS = "$(inherited) @executable_path/Frameworks";
				PRODUCT_BUNDLE_IDENTIFIER = com.example.IJB3;
				PRODUCT_NAME = "$(TARGET_NAME)";
				SWIFT_VERSION = 4.0;
				TARGETED_DEVICE_FAMILY = "1,2";
			};
			name = Debug;
		};
		3D2A647E1F96137900FBD2F3 /* Release */ = {
			isa = XCBuildConfiguration;
			baseConfigurationReference = 7DAF79BA1351E839BB034C6A /* Pods-IJB3.release.xcconfig */;
			buildSettings = {
				ASSETCATALOG_COMPILER_APPICON_NAME = AppIcon;
				CODE_SIGN_STYLE = Automatic;
				DEVELOPMENT_TEAM = 9F3FQNZGD3;
				INFOPLIST_FILE = IJB3/Info.plist;
				LD_RUNPATH_SEARCH_PATHS = "$(inherited) @executable_path/Frameworks";
				PRODUCT_BUNDLE_IDENTIFIER = com.example.IJB3;
				PRODUCT_NAME = "$(TARGET_NAME)";
				SWIFT_VERSION = 4.0;
				TARGETED_DEVICE_FAMILY = "1,2";
			};
			name = Release;
		};
/* End XCBuildConfiguration section */

/* Begin XCConfigurationList section */
		3D2A64651F96137800FBD2F3 /* Build configuration list for PBXProject "IJB3" */ = {
			isa = XCConfigurationList;
			buildConfigurations = (
				3D2A647A1F96137900FBD2F3 /* Debug */,
				3D2A647B1F96137900FBD2F3 /* Release */,
			);
			defaultConfigurationIsVisible = 0;
			defaultConfigurationName = Release;
		};
		3D2A647C1F96137900FBD2F3 /* Build configuration list for PBXNativeTarget "IJB3" */ = {
			isa = XCConfigurationList;
			buildConfigurations = (
				3D2A647D1F96137900FBD2F3 /* Debug */,
				3D2A647E1F96137900FBD2F3 /* Release */,
			);
			defaultConfigurationIsVisible = 0;
			defaultConfigurationName = Release;
		};
/* End XCConfigurationList section */
	};
	rootObject = 3D2A64621F96137800FBD2F3 /* Project object */;
}
